# THIS IS AN AUTOGENERATED FILE. DO NOT EDIT THIS FILE DIRECTLY.
# yarn lockfile v1


"@types/node@^15.12.2":
  version "15.12.2"
  resolved "https://registry.nlark.com/@types/node/download/@types/node-15.12.2.tgz#1f2b42c4be7156ff4a6f914b2fb03d05fa84e38d"
  integrity sha1-HytCxL5xVv9Kb5FLL7A9BfqE440=

slash2@^2.0.0:
  version "2.0.0"
  resolved "https://registry.npm.taobao.org/slash2/download/slash2-2.0.0.tgz?cache=0&sync_timestamp=1577851275195&other_urls=https%3A%2F%2Fregistry.npm.taobao.org%2Fslash2%2Fdownload%2Fslash2-2.0.0.tgz#f4e0a11708b8545b912695981cf7096f52c63487"
  integrity sha1-9OChFwi4VFuRJpWYHPcJb1LGNIc=

typescript@^4.3.2:
  version "4.3.2"
  resolved "https://registry.nlark.com/typescript/download/typescript-4.3.2.tgz#399ab18aac45802d6f2498de5054fcbbe716a805"
  integrity sha1-OZqxiqxFgC1vJJjeUFT8u+cWqAU=
